
Microsoft Visual Studio Solution File, Format Version 12.00
# Visual Studio Version 17
VisualStudioVersion = 17.13.35825.156 d17.13
MinimumVisualStudioVersion = 10.0.40219.1
Project("{FAE04EC0-301F-11D3-BF4B-00C04F79EFBC}") = "RAMAS-PRELIM-ENIGMA", "RAMAS-PRELIM-ENIGMA.csproj", "{D269C150-E749-4F6B-8CD2-240C51AE1ABA}"
EndProject
Global
	GlobalSection(SolutionConfigurationPlatforms) = preSolution
		Debug|Any CPU = Debug|Any CPU
		Release|Any CPU = Release|Any CPU
	EndGlobalSection
	GlobalSection(ProjectConfigurationPlatforms) = postSolution
		{D269C150-E749-4F6B-8CD2-240C51AE1ABA}.Debug|Any CPU.ActiveCfg = Debug|Any CPU
		{D269C150-E749-4F6B-8CD2-240C51AE1ABA}.Debug|Any CPU.Build.0 = Debug|Any CPU
		{D269C150-E749-4F6B-8CD2-240C51AE1ABA}.Release|Any CPU.ActiveCfg = Release|Any CPU
		{D269C150-E749-4F6B-8CD2-240C51AE1ABA}.Release|Any CPU.Build.0 = Release|Any CPU
	EndGlobalSection
	GlobalSection(SolutionProperties) = preSolution
		HideSolutionNode = FALSE
	EndGlobalSection
	GlobalSection(ExtensibilityGlobals) = postSolution
		SolutionGuid = {4ADDF5A7-EE7A-4AB2-B614-5C9EEAF3B02A}
	EndGlobalSection
EndGlobal
